<?xml version="1.0" encoding="utf-8"?>
<Project ToolsVersion="4.0" xmlns="http://schemas.microsoft.com/developer/msbuild/2003">
  <ItemGroup>
    <Filter Include="Source Files">
      <UniqueIdentifier>{befeb401-8e78-4f38-80d9-ef97cb035e8e}</UniqueIdentifier>
      <Extensions>cpp;c;cxx;rc;def;r;odl;idl;hpj;bat</Extensions>
    </Filter>
    <Filter Include="Header Files">
      <UniqueIdentifier>{622c5700-621c-4b1a-b445-58340bf0f8f4}</UniqueIdentifier>
      <Extensions>h;hpp;hxx;hm;inl</Extensions>
    </Filter>
    <Filter Include="Header Files\gfx">
      <UniqueIdentifier>{034faa5a-6ecd-4b7b-9672-cb359fe48d91}</UniqueIdentifier>
    </Filter>
    <Filter Include="Resource Files">
      <UniqueIdentifier>{4e718709-590b-480d-9232-04f7ca684a23}</UniqueIdentifier>
      <Extensions>ico;cur;bmp;dlg;rc2;rct;bin;rgs;gif;jpg;jpeg;jpe</Extensions>
    </Filter>
  </ItemGroup>
  <ItemGroup>
    <ClCompile Include="gfx.c">
      <Filter>Source Files</Filter>
    </ClCompile>
    <ClCompile Include="main.c">
      <Filter>Source Files</Filter>
    </ClCompile>
    <ClCompile Include="mysprite.c">
      <Filter>Source Files</Filter>
    </ClCompile>
    <ClCompile Include="sprite.c">
      <Filter>Source Files</Filter>
    </ClCompile>
  </ItemGroup>
  <ItemGroup>
    <ClInclude Include="gfx\ccrash.h">
      <Filter>Header Files\gfx</Filter>
    </ClInclude>
    <ClInclude Include="gfx\credits.h">
      <Filter>Header Files\gfx</Filter>
    </ClInclude>
    <ClInclude Include="gfx\end.h">
      <Filter>Header Files\gfx</Filter>
    </ClInclude>
    <ClInclude Include="gfx\gamebg.h">
      <Filter>Header Files\gfx</Filter>
    </ClInclude>
    <ClInclude Include="gfx\menu1.h">
      <Filter>Header Files\gfx</Filter>
    </ClInclude>
    <ClInclude Include="num\numbers.h">
      <Filter>Header Files\gfx</Filter>
    </ClInclude>
    <ClInclude Include="sprite\objects.h">
      <Filter>Header Files\gfx</Filter>
    </ClInclude>
    <ClInclude Include="gfx\ski.h">
      <Filter>Header Files\gfx</Filter>
    </ClInclude>
    <ClInclude Include="gba.h">
      <Filter>Header Files</Filter>
    </ClInclude>
    <ClInclude Include="gfx.h">
      <Filter>Header Files</Filter>
    </ClInclude>
    <ClInclude Include="keypad.h">
      <Filter>Header Files</Filter>
    </ClInclude>
    <ClInclude Include="mysprite.h">
      <Filter>Header Files</Filter>
    </ClInclude>
    <ClInclude Include="screenmode.h">
      <Filter>Header Files</Filter>
    </ClInclude>
    <ClInclude Include="sprite.h">
      <Filter>Header Files</Filter>
    </ClInclude>
    <ClInclude Include="gfx\ttank.h">
      <Filter>Header Files\gfx</Filter>
    </ClInclude>
    <ClInclude Include="gfx\bg.h">
      <Filter>Header Files\gfx</Filter>
    </ClInclude>
    <ClInclude Include="sprite\oobjgfront.h">
      <Filter>Header Files\gfx</Filter>
    </ClInclude>
  </ItemGroup>
  <ItemGroup>
    <Text Include="readme.txt">
      <Filter>Resource Files</Filter>
    </Text>
  </ItemGroup>
  <ItemGroup>
    <CustomBuild Include="domake.bat">
      <Filter>Resource Files</Filter>
    </CustomBuild>
    <CustomBuild Include="dorun.bat">
      <Filter>Resource Files</Filter>
    </CustomBuild>
  </ItemGroup>
</Project>